// !$*UTF8*$!
{
	archiveVersion = 1;
	classes = {
	};
	objectVersion = 46;
	objects = {

/* Begin PBXBuildFile section */
		259AE0101CD7C34000E18FC8 /* SearchViewController.swift in Sources */ = {isa = PBXBuildFile; fileRef = 259AE00F1CD7C34000E18FC8 /* SearchViewController.swift */; };
		6800E25D1CD3F9B80002549B /* Stop+CoreDataProperties.swift in Sources */ = {isa = PBXBuildFile; fileRef = 6800E2551CD3F9B80002549B /* Stop+CoreDataProperties.swift */; };
		6800E25E1CD3F9B80002549B /* Stop.swift in Sources */ = {isa = PBXBuildFile; fileRef = 6800E2561CD3F9B80002549B /* Stop.swift */; };
		6800E25F1CD3F9B80002549B /* Shape+CoreDataProperties.swift in Sources */ = {isa = PBXBuildFile; fileRef = 6800E2571CD3F9B80002549B /* Shape+CoreDataProperties.swift */; };
		6800E2601CD3F9B80002549B /* Shape.swift in Sources */ = {isa = PBXBuildFile; fileRef = 6800E2581CD3F9B80002549B /* Shape.swift */; };
		6800E2611CD3F9B80002549B /* Agency+CoreDataProperties.swift in Sources */ = {isa = PBXBuildFile; fileRef = 6800E2591CD3F9B80002549B /* Agency+CoreDataProperties.swift */; };
		6800E2621CD3F9B80002549B /* Agency.swift in Sources */ = {isa = PBXBuildFile; fileRef = 6800E25A1CD3F9B80002549B /* Agency.swift */; };
		6800E2631CD3F9B80002549B /* Route+CoreDataProperties.swift in Sources */ = {isa = PBXBuildFile; fileRef = 6800E25B1CD3F9B80002549B /* Route+CoreDataProperties.swift */; };
		6800E2641CD3F9B80002549B /* Route.swift in Sources */ = {isa = PBXBuildFile; fileRef = 6800E25C1CD3F9B80002549B /* Route.swift */; };
		682712651CD431DD007DFD09 /* enums.swift in Sources */ = {isa = PBXBuildFile; fileRef = 682712641CD431DD007DFD09 /* enums.swift */; };
		683DB40F1CD275A900823C8B /* Main.storyboard in Resources */ = {isa = PBXBuildFile; fileRef = 683DB40E1CD275A900823C8B /* Main.storyboard */; };
		683DB4111CD2771B00823C8B /* CenterViewController.swift in Sources */ = {isa = PBXBuildFile; fileRef = 683DB4101CD2771B00823C8B /* CenterViewController.swift */; };
		68422DBD1CD10A3E00677CA3 /* transit.xcdatamodeld in Sources */ = {isa = PBXBuildFile; fileRef = 68422DBB1CD10A3E00677CA3 /* transit.xcdatamodeld */; };
		68422DBF1CD11B9D00677CA3 /* Extensions.swift in Sources */ = {isa = PBXBuildFile; fileRef = 68422DBE1CD11B9D00677CA3 /* Extensions.swift */; };
		68422DC11CD1AD6400677CA3 /* StopOverlayRenderer.swift in Sources */ = {isa = PBXBuildFile; fileRef = 68422DC01CD1AD6400677CA3 /* StopOverlayRenderer.swift */; };
		68422DC31CD1AEB800677CA3 /* StopMapOverlay.swift in Sources */ = {isa = PBXBuildFile; fileRef = 68422DC21CD1AEB800677CA3 /* StopMapOverlay.swift */; };
		684F762C1CE8BD2A00B7B2B8 /* UIColor+hexString.swift in Sources */ = {isa = PBXBuildFile; fileRef = 684F762B1CE8BD2A00B7B2B8 /* UIColor+hexString.swift */; };
		685012521CE7A26D001B5512 /* Constants.swift in Sources */ = {isa = PBXBuildFile; fileRef = 685012511CE7A26D001B5512 /* Constants.swift */; };
		686346DF1CD6C20200A938C8 /* RouteLine.swift in Sources */ = {isa = PBXBuildFile; fileRef = 686346DE1CD6C20200A938C8 /* RouteLine.swift */; };
		686346E11CD6F12B00A938C8 /* StopAnnotation.swift in Sources */ = {isa = PBXBuildFile; fileRef = 686346E01CD6F12B00A938C8 /* StopAnnotation.swift */; };
		686346E31CD7BA1600A938C8 /* LocationController.swift in Sources */ = {isa = PBXBuildFile; fileRef = 686346E21CD7BA1600A938C8 /* LocationController.swift */; };
		686346E71CD7EA2600A938C8 /* AgencyTableViewCell.swift in Sources */ = {isa = PBXBuildFile; fileRef = 686346E61CD7EA2600A938C8 /* AgencyTableViewCell.swift */; };
		686346E91CD7EA3D00A938C8 /* RouteTableViewCell.swift in Sources */ = {isa = PBXBuildFile; fileRef = 686346E81CD7EA3D00A938C8 /* RouteTableViewCell.swift */; };
		686346EB1CD7EA4900A938C8 /* StopTableViewCell.swift in Sources */ = {isa = PBXBuildFile; fileRef = 686346EA1CD7EA4900A938C8 /* StopTableViewCell.swift */; };
		686346F31CDB840300A938C8 /* Launch Screen.storyboard in Resources */ = {isa = PBXBuildFile; fileRef = 686346F21CDB840300A938C8 /* Launch Screen.storyboard */; };
		686A2B5E1CDD998800D1BEB7 /* MapController.swift in Sources */ = {isa = PBXBuildFile; fileRef = 686A2B5D1CDD998800D1BEB7 /* MapController.swift */; };
		6879AF8B1CC534FA003F6483 /* AppDelegate.swift in Sources */ = {isa = PBXBuildFile; fileRef = 6879AF8A1CC534FA003F6483 /* AppDelegate.swift */; };
		6879AF921CC534FA003F6483 /* Assets.xcassets in Resources */ = {isa = PBXBuildFile; fileRef = 6879AF911CC534FA003F6483 /* Assets.xcassets */; };
		688FAC8A1CD5A449009CB665 /* TransitTableController.swift in Sources */ = {isa = PBXBuildFile; fileRef = 688FAC891CD5A449009CB665 /* TransitTableController.swift */; };
		689E9D341CE4E6CD006CC487 /* ContainerViewController.swift in Sources */ = {isa = PBXBuildFile; fileRef = 689E9D331CE4E6CD006CC487 /* ContainerViewController.swift */; };
		68DEF1A21CDEB0ED002FF584 /* GeoFence.swift in Sources */ = {isa = PBXBuildFile; fileRef = 687EB27E1CDEAAB000252B4F /* GeoFence.swift */; };
		68DEF1A41CDEEA04002FF584 /* chicago.sqlite in Resources */ = {isa = PBXBuildFile; fileRef = 68DEF1A31CDEE98A002FF584 /* chicago.sqlite */; };
		68DEF1F81CE11A98002FF584 /* alarm.wav in Resources */ = {isa = PBXBuildFile; fileRef = 68DEF1F71CE11A98002FF584 /* alarm.wav */; };
/* End PBXBuildFile section */

/* Begin PBXFileReference section */
		252D7E1E1CD12E970088AF76 /* FavoritesViewController.swift */ = {isa = PBXFileReference; fileEncoding = 4; lastKnownFileType = sourcecode.swift; path = FavoritesViewController.swift; sourceTree = "<group>"; };
		259AE00F1CD7C34000E18FC8 /* SearchViewController.swift */ = {isa = PBXFileReference; fileEncoding = 4; lastKnownFileType = sourcecode.swift; path = SearchViewController.swift; sourceTree = "<group>"; };
		6800E2551CD3F9B80002549B /* Stop+CoreDataProperties.swift */ = {isa = PBXFileReference; fileEncoding = 4; lastKnownFileType = sourcecode.swift; path = "Stop+CoreDataProperties.swift"; sourceTree = "<group>"; };
		6800E2561CD3F9B80002549B /* Stop.swift */ = {isa = PBXFileReference; fileEncoding = 4; lastKnownFileType = sourcecode.swift; path = Stop.swift; sourceTree = "<group>"; };
		6800E2571CD3F9B80002549B /* Shape+CoreDataProperties.swift */ = {isa = PBXFileReference; fileEncoding = 4; lastKnownFileType = sourcecode.swift; path = "Shape+CoreDataProperties.swift"; sourceTree = "<group>"; };
		6800E2581CD3F9B80002549B /* Shape.swift */ = {isa = PBXFileReference; fileEncoding = 4; lastKnownFileType = sourcecode.swift; path = Shape.swift; sourceTree = "<group>"; };
		6800E2591CD3F9B80002549B /* Agency+CoreDataProperties.swift */ = {isa = PBXFileReference; fileEncoding = 4; lastKnownFileType = sourcecode.swift; path = "Agency+CoreDataProperties.swift"; sourceTree = "<group>"; };
		6800E25A1CD3F9B80002549B /* Agency.swift */ = {isa = PBXFileReference; fileEncoding = 4; lastKnownFileType = sourcecode.swift; path = Agency.swift; sourceTree = "<group>"; };
		6800E25B1CD3F9B80002549B /* Route+CoreDataProperties.swift */ = {isa = PBXFileReference; fileEncoding = 4; lastKnownFileType = sourcecode.swift; path = "Route+CoreDataProperties.swift"; sourceTree = "<group>"; };
		6800E25C1CD3F9B80002549B /* Route.swift */ = {isa = PBXFileReference; fileEncoding = 4; lastKnownFileType = sourcecode.swift; path = Route.swift; sourceTree = "<group>"; };
		682712641CD431DD007DFD09 /* enums.swift */ = {isa = PBXFileReference; fileEncoding = 4; lastKnownFileType = sourcecode.swift; path = enums.swift; sourceTree = "<group>"; };
		682D9CC81CD243E300A54C4E /* 223W_Erie.gpx */ = {isa = PBXFileReference; fileEncoding = 4; lastKnownFileType = text.xml; path = 223W_Erie.gpx; sourceTree = "<group>"; };
		683DB40E1CD275A900823C8B /* Main.storyboard */ = {isa = PBXFileReference; fileEncoding = 4; lastKnownFileType = file.storyboard; path = Main.storyboard; sourceTree = "<group>"; };
		683DB4101CD2771B00823C8B /* CenterViewController.swift */ = {isa = PBXFileReference; fileEncoding = 4; lastKnownFileType = sourcecode.swift; path = CenterViewController.swift; sourceTree = "<group>"; };
		68422DBC1CD10A3E00677CA3 /* transit.xcdatamodel */ = {isa = PBXFileReference; lastKnownFileType = wrapper.xcdatamodel; path = transit.xcdatamodel; sourceTree = "<group>"; };
		68422DBE1CD11B9D00677CA3 /* Extensions.swift */ = {isa = PBXFileReference; fileEncoding = 4; lastKnownFileType = sourcecode.swift; path = Extensions.swift; sourceTree = "<group>"; };
		68422DC01CD1AD6400677CA3 /* StopOverlayRenderer.swift */ = {isa = PBXFileReference; fileEncoding = 4; lastKnownFileType = sourcecode.swift; path = StopOverlayRenderer.swift; sourceTree = "<group>"; };
		68422DC21CD1AEB800677CA3 /* StopMapOverlay.swift */ = {isa = PBXFileReference; fileEncoding = 4; lastKnownFileType = sourcecode.swift; path = StopMapOverlay.swift; sourceTree = "<group>"; };
		684F762B1CE8BD2A00B7B2B8 /* UIColor+hexString.swift */ = {isa = PBXFileReference; fileEncoding = 4; lastKnownFileType = sourcecode.swift; path = "UIColor+hexString.swift"; sourceTree = "<group>"; };
		685012511CE7A26D001B5512 /* Constants.swift */ = {isa = PBXFileReference; fileEncoding = 4; lastKnownFileType = sourcecode.swift; path = Constants.swift; sourceTree = "<group>"; };
		685781EB1CE2A0B200463BF5 /* blue.gpx */ = {isa = PBXFileReference; fileEncoding = 4; lastKnownFileType = text.xml; path = blue.gpx; sourceTree = "<group>"; };
		686346DE1CD6C20200A938C8 /* RouteLine.swift */ = {isa = PBXFileReference; fileEncoding = 4; lastKnownFileType = sourcecode.swift; path = RouteLine.swift; sourceTree = "<group>"; };
		686346E01CD6F12B00A938C8 /* StopAnnotation.swift */ = {isa = PBXFileReference; fileEncoding = 4; lastKnownFileType = sourcecode.swift; path = StopAnnotation.swift; sourceTree = "<group>"; };
		686346E21CD7BA1600A938C8 /* LocationController.swift */ = {isa = PBXFileReference; fileEncoding = 4; lastKnownFileType = sourcecode.swift; path = LocationController.swift; sourceTree = "<group>"; };
		686346E41CD7CFA000A938C8 /* red_small.gpx */ = {isa = PBXFileReference; fileEncoding = 4; lastKnownFileType = text.xml; path = red_small.gpx; sourceTree = "<group>"; };
		686346E61CD7EA2600A938C8 /* AgencyTableViewCell.swift */ = {isa = PBXFileReference; fileEncoding = 4; lastKnownFileType = sourcecode.swift; path = AgencyTableViewCell.swift; sourceTree = "<group>"; };
		686346E81CD7EA3D00A938C8 /* RouteTableViewCell.swift */ = {isa = PBXFileReference; fileEncoding = 4; lastKnownFileType = sourcecode.swift; path = RouteTableViewCell.swift; sourceTree = "<group>"; };
		686346EA1CD7EA4900A938C8 /* StopTableViewCell.swift */ = {isa = PBXFileReference; fileEncoding = 4; lastKnownFileType = sourcecode.swift; path = StopTableViewCell.swift; sourceTree = "<group>"; };
		686346F21CDB840300A938C8 /* Launch Screen.storyboard */ = {isa = PBXFileReference; fileEncoding = 4; lastKnownFileType = file.storyboard; path = "Launch Screen.storyboard"; sourceTree = "<group>"; };
		686A2B5D1CDD998800D1BEB7 /* MapController.swift */ = {isa = PBXFileReference; fileEncoding = 4; lastKnownFileType = sourcecode.swift; path = MapController.swift; sourceTree = "<group>"; };
		6879AF871CC534FA003F6483 /* TransitAlarm.app */ = {isa = PBXFileReference; explicitFileType = wrapper.application; includeInIndex = 0; path = TransitAlarm.app; sourceTree = BUILT_PRODUCTS_DIR; };
		6879AF8A1CC534FA003F6483 /* AppDelegate.swift */ = {isa = PBXFileReference; lastKnownFileType = sourcecode.swift; path = AppDelegate.swift; sourceTree = "<group>"; };
		6879AF911CC534FA003F6483 /* Assets.xcassets */ = {isa = PBXFileReference; lastKnownFileType = folder.assetcatalog; path = Assets.xcassets; sourceTree = "<group>"; };
		6879AF961CC534FA003F6483 /* Info.plist */ = {isa = PBXFileReference; lastKnownFileType = text.plist.xml; path = Info.plist; sourceTree = "<group>"; };
		687EB27E1CDEAAB000252B4F /* GeoFence.swift */ = {isa = PBXFileReference; lastKnownFileType = sourcecode.swift; path = GeoFence.swift; sourceTree = "<group>"; };
		688FAC891CD5A449009CB665 /* TransitTableController.swift */ = {isa = PBXFileReference; fileEncoding = 4; lastKnownFileType = sourcecode.swift; path = TransitTableController.swift; sourceTree = "<group>"; };
		689E9D331CE4E6CD006CC487 /* ContainerViewController.swift */ = {isa = PBXFileReference; fileEncoding = 4; lastKnownFileType = sourcecode.swift; path = ContainerViewController.swift; sourceTree = "<group>"; };
		68DEF1A31CDEE98A002FF584 /* chicago.sqlite */ = {isa = PBXFileReference; lastKnownFileType = file; path = chicago.sqlite; sourceTree = "<group>"; };
		68DEF1F71CE11A98002FF584 /* alarm.wav */ = {isa = PBXFileReference; lastKnownFileType = audio.wav; path = alarm.wav; sourceTree = "<group>"; };
/* End PBXFileReference section */

/* Begin PBXFrameworksBuildPhase section */
		6879AF841CC534FA003F6483 /* Frameworks */ = {
			isa = PBXFrameworksBuildPhase;
			buildActionMask = 2147483647;
			files = (
			);
			runOnlyForDeploymentPostprocessing = 0;
		};
/* End PBXFrameworksBuildPhase section */

/* Begin PBXGroup section */
		259AE0051CD6F80500E18FC8 /* Support */ = {
			isa = PBXGroup;
			children = (
				6879AF8A1CC534FA003F6483 /* AppDelegate.swift */,
				6879AF961CC534FA003F6483 /* Info.plist */,
			);
			path = Support;
			sourceTree = "<group>";
		};
		682D9CC51CD2429000A54C4E /* gpxfiles */ = {
			isa = PBXGroup;
			children = (
				682D9CC81CD243E300A54C4E /* 223W_Erie.gpx */,
				685781EB1CE2A0B200463BF5 /* blue.gpx */,
				686346E41CD7CFA000A938C8 /* red_small.gpx */,
			);
			path = gpxfiles;
			sourceTree = "<group>";
		};
		6879AF7E1CC534FA003F6483 = {
			isa = PBXGroup;
			children = (
				6879AF9C1CC53A5F003F6483 /* Controller */,
				6879AF881CC534FA003F6483 /* Products */,
				259AE0051CD6F80500E18FC8 /* Support */,
				682D9CC51CD2429000A54C4E /* gpxfiles */,
				68A32BAF1CD051C80015E7EE /* model */,
				6879AFA91CC701EA003F6483 /* view */,
			);
			sourceTree = "<group>";
		};
		6879AF881CC534FA003F6483 /* Products */ = {
			isa = PBXGroup;
			children = (
				6879AF871CC534FA003F6483 /* TransitAlarm.app */,
			);
			name = Products;
			sourceTree = "<group>";
		};
		6879AF9C1CC53A5F003F6483 /* Controller */ = {
			isa = PBXGroup;
			children = (
				683DB4101CD2771B00823C8B /* CenterViewController.swift */,
				689E9D331CE4E6CD006CC487 /* ContainerViewController.swift */,
				252D7E1E1CD12E970088AF76 /* FavoritesViewController.swift */,
				686346E21CD7BA1600A938C8 /* LocationController.swift */,
				686A2B5D1CDD998800D1BEB7 /* MapController.swift */,
				259AE00F1CD7C34000E18FC8 /* SearchViewController.swift */,
				688FAC891CD5A449009CB665 /* TransitTableController.swift */,
				684F762B1CE8BD2A00B7B2B8 /* UIColor+hexString.swift */,
			);
			path = Controller;
			sourceTree = "<group>";
		};
		6879AFA91CC701EA003F6483 /* view */ = {
			isa = PBXGroup;
			children = (
				686346E61CD7EA2600A938C8 /* AgencyTableViewCell.swift */,
				6879AF911CC534FA003F6483 /* Assets.xcassets */,
				686346F21CDB840300A938C8 /* Launch Screen.storyboard */,
				683DB40E1CD275A900823C8B /* Main.storyboard */,
				686346DE1CD6C20200A938C8 /* RouteLine.swift */,
				686346E81CD7EA3D00A938C8 /* RouteTableViewCell.swift */,
				686346E01CD6F12B00A938C8 /* StopAnnotation.swift */,
				68422DC21CD1AEB800677CA3 /* StopMapOverlay.swift */,
				68422DC01CD1AD6400677CA3 /* StopOverlayRenderer.swift */,
				686346EA1CD7EA4900A938C8 /* StopTableViewCell.swift */,
				68DEF1F71CE11A98002FF584 /* alarm.wav */,
			);
			path = view;
			sourceTree = "<group>";
		};
		68A32BAF1CD051C80015E7EE /* model */ = {
			isa = PBXGroup;
			children = (
				6800E2591CD3F9B80002549B /* Agency+CoreDataProperties.swift */,
				6800E25A1CD3F9B80002549B /* Agency.swift */,
				685012511CE7A26D001B5512 /* Constants.swift */,
				68422DBE1CD11B9D00677CA3 /* Extensions.swift */,
				687EB27E1CDEAAB000252B4F /* GeoFence.swift */,
				6800E25B1CD3F9B80002549B /* Route+CoreDataProperties.swift */,
				6800E25C1CD3F9B80002549B /* Route.swift */,
				6800E2571CD3F9B80002549B /* Shape+CoreDataProperties.swift */,
				6800E2581CD3F9B80002549B /* Shape.swift */,
				6800E2551CD3F9B80002549B /* Stop+CoreDataProperties.swift */,
				6800E2561CD3F9B80002549B /* Stop.swift */,
				68DEF1A31CDEE98A002FF584 /* chicago.sqlite */,
				682712641CD431DD007DFD09 /* enums.swift */,
				68422DBB1CD10A3E00677CA3 /* transit.xcdatamodeld */,
			);
			path = model;
			sourceTree = "<group>";
		};
/* End PBXGroup section */

/* Begin PBXNativeTarget section */
		6879AF861CC534FA003F6483 /* TransitAlarm */ = {
			isa = PBXNativeTarget;
			buildConfigurationList = 6879AF991CC534FA003F6483 /* Build configuration list for PBXNativeTarget "TransitAlarm" */;
			buildPhases = (
				6879AF831CC534FA003F6483 /* Sources */,
				6879AF841CC534FA003F6483 /* Frameworks */,
				6879AF851CC534FA003F6483 /* Resources */,
				689C8BCC1CE667740025B7DB /* ShellScript */,
			);
			buildRules = (
			);
			dependencies = (
			);
			name = TransitAlarm;
			productName = TransitAlarm;
			productReference = 6879AF871CC534FA003F6483 /* TransitAlarm.app */;
			productType = "com.apple.product-type.application";
		};
/* End PBXNativeTarget section */

/* Begin PBXProject section */
		6879AF7F1CC534FA003F6483 /* Project object */ = {
			isa = PBXProject;
			attributes = {
				LastSwiftUpdateCheck = 0730;
				LastUpgradeCheck = 0730;
				ORGANIZATIONNAME = id;
				TargetAttributes = {
					6879AF861CC534FA003F6483 = {
						CreatedOnToolsVersion = 7.3;
					};
				};
			};
			buildConfigurationList = 6879AF821CC534FA003F6483 /* Build configuration list for PBXProject "TransitAlarm" */;
			compatibilityVersion = "Xcode 3.2";
			developmentRegion = English;
			hasScannedForEncodings = 0;
			knownRegions = (
				en,
				Base,
			);
			mainGroup = 6879AF7E1CC534FA003F6483;
			productRefGroup = 6879AF881CC534FA003F6483 /* Products */;
			projectDirPath = "";
			projectRoot = "";
			targets = (
				6879AF861CC534FA003F6483 /* TransitAlarm */,
			);
		};
/* End PBXProject section */

/* Begin PBXResourcesBuildPhase section */
		6879AF851CC534FA003F6483 /* Resources */ = {
			isa = PBXResourcesBuildPhase;
			buildActionMask = 2147483647;
			files = (
				68DEF1F81CE11A98002FF584 /* alarm.wav in Resources */,
				68DEF1A41CDEEA04002FF584 /* chicago.sqlite in Resources */,
				686346F31CDB840300A938C8 /* Launch Screen.storyboard in Resources */,
				6879AF921CC534FA003F6483 /* Assets.xcassets in Resources */,
				683DB40F1CD275A900823C8B /* Main.storyboard in Resources */,
			);
			runOnlyForDeploymentPostprocessing = 0;
		};
/* End PBXResourcesBuildPhase section */

/* Begin PBXShellScriptBuildPhase section */
		689C8BCC1CE667740025B7DB /* ShellScript */ = {
			isa = PBXShellScriptBuildPhase;
			buildActionMask = 2147483647;
			files = (
			);
			inputPaths = (
			);
			outputPaths = (
			);
			runOnlyForDeploymentPostprocessing = 0;
			shellPath = /bin/sh;
			shellScript = ./warnings.sh;
		};
/* End PBXShellScriptBuildPhase section */

/* Begin PBXSourcesBuildPhase section */
		6879AF831CC534FA003F6483 /* Sources */ = {
			isa = PBXSourcesBuildPhase;
			buildActionMask = 2147483647;
			files = (
				686346E31CD7BA1600A938C8 /* LocationController.swift in Sources */,
				6800E2611CD3F9B80002549B /* Agency+CoreDataProperties.swift in Sources */,
				684F762C1CE8BD2A00B7B2B8 /* UIColor+hexString.swift in Sources */,
				6800E25F1CD3F9B80002549B /* Shape+CoreDataProperties.swift in Sources */,
				68DEF1A21CDEB0ED002FF584 /* GeoFence.swift in Sources */,
				68422DC11CD1AD6400677CA3 /* StopOverlayRenderer.swift in Sources */,
				686346EB1CD7EA4900A938C8 /* StopTableViewCell.swift in Sources */,
				682712651CD431DD007DFD09 /* enums.swift in Sources */,
				688FAC8A1CD5A449009CB665 /* TransitTableController.swift in Sources */,
				689E9D341CE4E6CD006CC487 /* ContainerViewController.swift in Sources */,
				68422DBF1CD11B9D00677CA3 /* Extensions.swift in Sources */,
				683DB4111CD2771B00823C8B /* CenterViewController.swift in Sources */,
				6800E2631CD3F9B80002549B /* Route+CoreDataProperties.swift in Sources */,
				6800E25D1CD3F9B80002549B /* Stop+CoreDataProperties.swift in Sources */,
				259AE0101CD7C34000E18FC8 /* SearchViewController.swift in Sources */,
				6800E2641CD3F9B80002549B /* Route.swift in Sources */,
				6800E25E1CD3F9B80002549B /* Stop.swift in Sources */,
				686A2B5E1CDD998800D1BEB7 /* MapController.swift in Sources */,
				6800E2601CD3F9B80002549B /* Shape.swift in Sources */,
				68422DBD1CD10A3E00677CA3 /* transit.xcdatamodeld in Sources */,
				6879AF8B1CC534FA003F6483 /* AppDelegate.swift in Sources */,
				68422DC31CD1AEB800677CA3 /* StopMapOverlay.swift in Sources */,
				686346E11CD6F12B00A938C8 /* StopAnnotation.swift in Sources */,
				686346DF1CD6C20200A938C8 /* RouteLine.swift in Sources */,
				6800E2621CD3F9B80002549B /* Agency.swift in Sources */,
				686346E91CD7EA3D00A938C8 /* RouteTableViewCell.swift in Sources */,
				686346E71CD7EA2600A938C8 /* AgencyTableViewCell.swift in Sources */,
				685012521CE7A26D001B5512 /* Constants.swift in Sources */,
			);
			runOnlyForDeploymentPostprocessing = 0;
		};
/* End PBXSourcesBuildPhase section */

/* Begin XCBuildConfiguration section */
		6879AF971CC534FA003F6483 /* Debug */ = {
			isa = XCBuildConfiguration;
			buildSettings = {
				ALWAYS_SEARCH_USER_PATHS = NO;
				CLANG_ANALYZER_NONNULL = YES;
				CLANG_CXX_LANGUAGE_STANDARD = "gnu++0x";
				CLANG_CXX_LIBRARY = "libc++";
				CLANG_ENABLE_MODULES = YES;
				CLANG_ENABLE_OBJC_ARC = YES;
				CLANG_WARN_BOOL_CONVERSION = YES;
				CLANG_WARN_CONSTANT_CONVERSION = YES;
				CLANG_WARN_DIRECT_OBJC_ISA_USAGE = YES_ERROR;
				CLANG_WARN_EMPTY_BODY = YES;
				CLANG_WARN_ENUM_CONVERSION = YES;
				CLANG_WARN_INT_CONVERSION = YES;
				CLANG_WARN_OBJC_ROOT_CLASS = YES_ERROR;
				CLANG_WARN_UNREACHABLE_CODE = YES;
				CLANG_WARN__DUPLICATE_METHOD_MATCH = YES;
				"CODE_SIGN_IDENTITY[sdk=iphoneos*]" = "iPhone Developer";
				COPY_PHASE_STRIP = NO;
				DEBUG_INFORMATION_FORMAT = dwarf;
				ENABLE_STRICT_OBJC_MSGSEND = YES;
				ENABLE_TESTABILITY = YES;
				GCC_C_LANGUAGE_STANDARD = gnu99;
				GCC_DYNAMIC_NO_PIC = NO;
				GCC_NO_COMMON_BLOCKS = YES;
				GCC_OPTIMIZATION_LEVEL = 0;
				GCC_PREPROCESSOR_DEFINITIONS = (
					"DEBUG=1",
					"$(inherited)",
				);
				GCC_WARN_64_TO_32_BIT_CONVERSION = YES;
				GCC_WARN_ABOUT_RETURN_TYPE = YES_ERROR;
				GCC_WARN_UNDECLARED_SELECTOR = YES;
				GCC_WARN_UNINITIALIZED_AUTOS = YES_AGGRESSIVE;
				GCC_WARN_UNUSED_FUNCTION = YES;
				GCC_WARN_UNUSED_VARIABLE = YES;
				IPHONEOS_DEPLOYMENT_TARGET = 9.3;
				MTL_ENABLE_DEBUG_INFO = YES;
				ONLY_ACTIVE_ARCH = YES;
				SDKROOT = iphoneos;
				SWIFT_INSTALL_OBJC_HEADER = NO;
				SWIFT_OPTIMIZATION_LEVEL = "-Onone";
			};
			name = Debug;
		};
		6879AF981CC534FA003F6483 /* Release */ = {
			isa = XCBuildConfiguration;
			buildSettings = {
				ALWAYS_SEARCH_USER_PATHS = NO;
				CLANG_ANALYZER_NONNULL = YES;
				CLANG_CXX_LANGUAGE_STANDARD = "gnu++0x";
				CLANG_CXX_LIBRARY = "libc++";
				CLANG_ENABLE_MODULES = YES;
				CLANG_ENABLE_OBJC_ARC = YES;
				CLANG_WARN_BOOL_CONVERSION = YES;
				CLANG_WARN_CONSTANT_CONVERSION = YES;
				CLANG_WARN_DIRECT_OBJC_ISA_USAGE = YES_ERROR;
				CLANG_WARN_EMPTY_BODY = YES;
				CLANG_WARN_ENUM_CONVERSION = YES;
				CLANG_WARN_INT_CONVERSION = YES;
				CLANG_WARN_OBJC_ROOT_CLASS = YES_ERROR;
				CLANG_WARN_UNREACHABLE_CODE = YES;
				CLANG_WARN__DUPLICATE_METHOD_MATCH = YES;
				"CODE_SIGN_IDENTITY[sdk=iphoneos*]" = "iPhone Developer";
				COPY_PHASE_STRIP = NO;
				DEBUG_INFORMATION_FORMAT = "dwarf-with-dsym";
				ENABLE_NS_ASSERTIONS = NO;
				ENABLE_STRICT_OBJC_MSGSEND = YES;
				GCC_C_LANGUAGE_STANDARD = gnu99;
				GCC_NO_COMMON_BLOCKS = YES;
				GCC_WARN_64_TO_32_BIT_CONVERSION = YES;
				GCC_WARN_ABOUT_RETURN_TYPE = YES_ERROR;
				GCC_WARN_UNDECLARED_SELECTOR = YES;
				GCC_WARN_UNINITIALIZED_AUTOS = YES_AGGRESSIVE;
				GCC_WARN_UNUSED_FUNCTION = YES;
				GCC_WARN_UNUSED_VARIABLE = YES;
				IPHONEOS_DEPLOYMENT_TARGET = 9.3;
				MTL_ENABLE_DEBUG_INFO = NO;
				SDKROOT = iphoneos;
				SWIFT_INSTALL_OBJC_HEADER = NO;
				VALIDATE_PRODUCT = YES;
			};
			name = Release;
		};
		6879AF9A1CC534FA003F6483 /* Debug */ = {
			isa = XCBuildConfiguration;
			buildSettings = {
				ASSETCATALOG_COMPILER_APPICON_NAME = AppIcon;
				CLANG_ENABLE_MODULES = YES;
				ENABLE_BITCODE = YES;
				FRAMEWORK_SEARCH_PATHS = (
					"$(inherited)",
					"$(PROJECT_DIR)",
				);
				INFOPLIST_FILE = "$(SRCROOT)/Support/Info.plist";
				LD_RUNPATH_SEARCH_PATHS = "$(inherited) @executable_path/Frameworks";
				PRODUCT_BUNDLE_IDENTIFIER = com.idrisr.TransitAlarm;
				PRODUCT_NAME = "$(TARGET_NAME)";
				SWIFT_INSTALL_OBJC_HEADER = NO;
				SWIFT_OPTIMIZATION_LEVEL = "-Onone";
			};
			name = Debug;
		};
		6879AF9B1CC534FA003F6483 /* Release */ = {
			isa = XCBuildConfiguration;
			buildSettings = {
				ASSETCATALOG_COMPILER_APPICON_NAME = AppIcon;
				CLANG_ENABLE_MODULES = YES;
				ENABLE_BITCODE = YES;
				FRAMEWORK_SEARCH_PATHS = (
					"$(inherited)",
					"$(PROJECT_DIR)",
				);
				INFOPLIST_FILE = "$(SRCROOT)/Support/Info.plist";
				LD_RUNPATH_SEARCH_PATHS = "$(inherited) @executable_path/Frameworks";
				PRODUCT_BUNDLE_IDENTIFIER = com.idrisr.TransitAlarm;
				PRODUCT_NAME = "$(TARGET_NAME)";
				SWIFT_INSTALL_OBJC_HEADER = NO;
			};
			name = Release;
		};
/* End XCBuildConfiguration section */

/* Begin XCConfigurationList section */
		6879AF821CC534FA003F6483 /* Build configuration list for PBXProject "TransitAlarm" */ = {
			isa = XCConfigurationList;
			buildConfigurations = (
				6879AF971CC534FA003F6483 /* Debug */,
				6879AF981CC534FA003F6483 /* Release */,
			);
			defaultConfigurationIsVisible = 0;
			defaultConfigurationName = Release;
		};
		6879AF991CC534FA003F6483 /* Build configuration list for PBXNativeTarget "TransitAlarm" */ = {
			isa = XCConfigurationList;
			buildConfigurations = (
				6879AF9A1CC534FA003F6483 /* Debug */,
				6879AF9B1CC534FA003F6483 /* Release */,
			);
			defaultConfigurationIsVisible = 0;
			defaultConfigurationName = Release;
		};
/* End XCConfigurationList section */

/* Begin XCVersionGroup section */
		68422DBB1CD10A3E00677CA3 /* transit.xcdatamodeld */ = {
			isa = XCVersionGroup;
			children = (
				68422DBC1CD10A3E00677CA3 /* transit.xcdatamodel */,
			);
			currentVersion = 68422DBC1CD10A3E00677CA3 /* transit.xcdatamodel */;
			path = transit.xcdatamodeld;
			sourceTree = "<group>";
			versionGroupType = wrapper.xcdatamodel;
		};
/* End XCVersionGroup section */
	};
	rootObject = 6879AF7F1CC534FA003F6483 /* Project object */;
}
